{
	"name": "typescript-redux-nextjs",
	"version": "0.1.0",
	"lockfileVersion": 1,
	"requires": true,
	"dependencies": {
		"@babel/runtime": {
			"version": "7.10.2",
			"resolved": "https://registry.npmjs.org/@babel/runtime/-/runtime-7.10.2.tgz",
			"integrity": "sha512-6sF3uQw2ivImfVIl62RZ7MXhO2tap69WeWK57vAaimT6AZbE4FbqjdEJIN1UqoD6wI6B+1n9UiagafH1sxjOtg==",
			"requires": {
				"regenerator-runtime": "^0.13.4"
			}
		},
		"@icons/material": {
			"version": "0.2.4",
			"resolved": "https://registry.npmjs.org/@icons/material/-/material-0.2.4.tgz",
			"integrity": "sha512-QPcGmICAPbGLGb6F/yNf/KzKqvFx8z5qx3D1yFqVAjoFmXK35EgyW+cJ57Te3CNsmzblwtzakLGFqHPqrfb4Tw=="
		},
		"@material-ui/react-transition-group": {
			"version": "4.3.0",
			"resolved": "https://registry.npmjs.org/@material-ui/react-transition-group/-/react-transition-group-4.3.0.tgz",
			"integrity": "sha512-CwQ0aXrlUynUTY6sh3UvKuvye1o92en20VGAs6TORnSxUYeRmkX8YeTUN3lAkGiBX1z222FxLFO36WWh6q73rQ==",
			"requires": {
				"@babel/runtime": "^7.5.5",
				"dom-helpers": "^5.0.1",
				"loose-envify": "^1.4.0",
				"prop-types": "^15.6.2"
			}
		},
		"@next/env": {
			"version": "13.0.2",
			"resolved": "https://registry.npmjs.org/@next/env/-/env-13.0.2.tgz",
			"integrity": "sha512-Qb6WPuRriGIQ19qd6NBxpcrFOfj8ziN7l9eZUfwff5gl4zLXluqtuZPddYZM/oWjN53ZYcuRXzL+oowKyJeYtA=="
		},
		"@next/swc-android-arm-eabi": {
			"version": "13.0.2",
			"resolved": "https://registry.npmjs.org/@next/swc-android-arm-eabi/-/swc-android-arm-eabi-13.0.2.tgz",
			"integrity": "sha512-X54UQCTFyOGnJP//Z71dPPlp4BCYcQL2ncikKXQcPzVpqPs4C3m+tKC8ivBNH6edAXkppwsLRz1/yQwgSZ9Swg==",
			"optional": true
		},
		"@next/swc-android-arm64": {
			"version": "13.0.2",
			"resolved": "https://registry.npmjs.org/@next/swc-android-arm64/-/swc-android-arm64-13.0.2.tgz",
			"integrity": "sha512-1P00Kv8uKaLubqo7JzPrTqgFAzSOmfb8iwqJrOb9in5IvTRtNGlkR4hU0sXzqbQNM/+SaYxze6Z5ry1IDyb/cQ==",
			"optional": true
		},
		"@next/swc-darwin-arm64": {
			"version": "13.0.2",
			"resolved": "https://registry.npmjs.org/@next/swc-darwin-arm64/-/swc-darwin-arm64-13.0.2.tgz",
			"integrity": "sha512-1zGIOkInkOLRv0QQGZ+3wffYsyKI4vIy62LYTvDWUn7TAYqnmXwougp9NSLqDeagLwgsv2URrykyAFixA/YqxA==",
			"optional": true
		},
		"@next/swc-darwin-x64": {
			"version": "13.0.2",
			"resolved": "https://registry.npmjs.org/@next/swc-darwin-x64/-/swc-darwin-x64-13.0.2.tgz",
			"integrity": "sha512-ECDAjoMP1Y90cARaelS6X+k6BQx+MikAYJ8f/eaJrLur44NIOYc9HA/dgcTp5jenguY4yT8V+HCquLjAVle6fA==",
			"optional": true
		},
		"@next/swc-freebsd-x64": {
			"version": "13.0.2",
			"resolved": "https://registry.npmjs.org/@next/swc-freebsd-x64/-/swc-freebsd-x64-13.0.2.tgz",
			"integrity": "sha512-2DcL/ofQdBnQX3IoI9sjlIAyLCD1oZoUBuhrhWbejvBQjutWrI0JTEv9uG69WcxWhVMm3BCsjv8GK2/68OKp7A==",
			"optional": true
		},
		"@next/swc-linux-arm-gnueabihf": {
			"version": "13.0.2",
			"resolved": "https://registry.npmjs.org/@next/swc-linux-arm-gnueabihf/-/swc-linux-arm-gnueabihf-13.0.2.tgz",
			"integrity": "sha512-Y3OQF1CSBSWW2vGkmvOIuOUNqOq8qX7f1ZpcKUVWP3/Uq++DZmVi9d18lgnSe1I3QFqc+nXWyun9ljsN83j0sw==",
			"optional": true
		},
		"@next/swc-linux-arm64-gnu": {
			"version": "13.0.2",
			"resolved": "https://registry.npmjs.org/@next/swc-linux-arm64-gnu/-/swc-linux-arm64-gnu-13.0.2.tgz",
			"integrity": "sha512-mNyzwsFF6kwZYEjnGicx9ksDZYEZvyzEc1BtCu8vdZi/v8UeixQwCiAT6FyYX9uxMPEkzk8qiU0t0u9gvltsKw==",
			"optional": true
		},
		"@next/swc-linux-arm64-musl": {
			"version": "13.0.2",
			"resolved": "https://registry.npmjs.org/@next/swc-linux-arm64-musl/-/swc-linux-arm64-musl-13.0.2.tgz",
			"integrity": "sha512-M6SdYjWgRrY3tJBxz0663zCRPTu5BRONmxlftKWWHv9LjAJ59neTLaGj4rp0A08DkJglZIoCkLOzLrzST6TGag==",
			"optional": true
		},
		"@next/swc-linux-x64-gnu": {
			"version": "13.0.2",
			"resolved": "https://registry.npmjs.org/@next/swc-linux-x64-gnu/-/swc-linux-x64-gnu-13.0.2.tgz",
			"integrity": "sha512-pi63RoxvG4ES1KS06Zpm0MATVIXTs/TIbLbdckeLoM40u1d3mQl/+hSSrLRSxzc2OtyL8fh92sM4gkJrQXAMAw==",
			"optional": true
		},
		"@next/swc-linux-x64-musl": {
			"version": "13.0.2",
			"resolved": "https://registry.npmjs.org/@next/swc-linux-x64-musl/-/swc-linux-x64-musl-13.0.2.tgz",
			"integrity": "sha512-9Pv91gfYnDONgjtRm78n64b/c54+azeHtlnqBLTnIFWSMBDRl1/WDkhKWIj3fBGPLimtK7Tko3ULR3og9RRUPw==",
			"optional": true
		},
		"@next/swc-win32-arm64-msvc": {
			"version": "13.0.2",
			"resolved": "https://registry.npmjs.org/@next/swc-win32-arm64-msvc/-/swc-win32-arm64-msvc-13.0.2.tgz",
			"integrity": "sha512-Nvewe6YZaizAkGHHprbMkYqQulBjZCHKBGKeFPwoPtOA+a2Qi4pZzc/qXFyC5/2A6Z0mr2U1zg9rd04WBYMwBw==",
			"optional": true
		},
		"@next/swc-win32-ia32-msvc": {
			"version": "13.0.2",
			"resolved": "https://registry.npmjs.org/@next/swc-win32-ia32-msvc/-/swc-win32-ia32-msvc-13.0.2.tgz",
			"integrity": "sha512-ZUBYGZw5G3QrqDpRq1EWi3aHmvPZM8ijK5TFL6UbH16cYQ0JpANmuG2P66KB93Qe/lWWzbeAZk/tj1XqwoCuPA==",
			"optional": true
		},
		"@next/swc-win32-x64-msvc": {
			"version": "13.0.2",
			"resolved": "https://registry.npmjs.org/@next/swc-win32-x64-msvc/-/swc-win32-x64-msvc-13.0.2.tgz",
			"integrity": "sha512-fA9uW1dm7C0mEYGcKlbmLcVm2sKcye+1kPxh2cM4jVR+kQQMtHWsjIzeSpe2grQLSDan06z4n6hbr8b1c3hA8w==",
			"optional": true
		},
		"@shopify/app-bridge": {
			"version": "1.23.0",
			"resolved": "https://registry.npmjs.org/@shopify/app-bridge/-/app-bridge-1.23.0.tgz",
			"integrity": "sha512-UTEHRv3pYYU+YOJpiLKPB8CIL73hsh0Kl+PVD0NCOu44NCHoxKe5B8g29ti/TKNs5+LerATMJfjGZuPRTNr2yA=="
		},
		"@shopify/javascript-utilities": {
			"version": "2.4.1",
			"resolved": "https://registry.npmjs.org/@shopify/javascript-utilities/-/javascript-utilities-2.4.1.tgz",
			"integrity": "sha512-CDp4nWHjVXTr+rYV5RMBs8aJ5PbXUdbz47jnKisBWa9GFwJktZFj2PxefXqfLd51KpIuQpFnA/NMvq4M5tdTlw==",
			"requires": {
				"@types/lodash": "^4.14.65",
				"@types/react": "^16.0.2",
				"lodash": "^4.17.4",
				"lodash-decorators": "^4.3.5"
			}
		},
		"@shopify/polaris": {
			"version": "4.24.0",
			"resolved": "https://registry.npmjs.org/@shopify/polaris/-/polaris-4.24.0.tgz",
			"integrity": "sha512-3K958gIUSsi9q5o+PlJichnp/LsojbOBO64DPIk+Ab9oPy7G5dRfuI7cBH9au/PQF5W5YhuYXAE8EvD21xL0ew==",
			"requires": {
				"@babel/runtime": "^7.1.6",
				"@material-ui/react-transition-group": "^4.2.0",
				"@shopify/app-bridge": "^1.3.0",
				"@shopify/javascript-utilities": "^2.4.1",
				"@shopify/polaris-icons": "^3.10.0",
				"@shopify/polaris-tokens": "^2.12.3",
				"@shopify/useful-types": "^1.2.4",
				"@types/hoist-non-react-statics": "^3.3.1",
				"@types/react": "^16.8.15",
				"@types/react-dom": "^16.8.4",
				"@types/react-transition-group": "^2.0.7",
				"hoist-non-react-statics": "^3.3.0",
				"lodash": "^4.17.4",
				"tslib": "^1.9.3"
			}
		},
		"@shopify/polaris-icons": {
			"version": "3.10.0",
			"resolved": "https://registry.npmjs.org/@shopify/polaris-icons/-/polaris-icons-3.10.0.tgz",
			"integrity": "sha512-Y8cTtFwIfkUDlCHonCimSxPdHk9AE11PYsh9JqzTKLjsAv6p3De/JQR/gZfAifmAAhg0XBmaaV5K4Y6Z5J6xAw=="
		},
		"@shopify/polaris-tokens": {
			"version": "2.12.3",
			"resolved": "https://registry.npmjs.org/@shopify/polaris-tokens/-/polaris-tokens-2.12.3.tgz",
			"integrity": "sha512-3xBJxJqdMOE61SWjNFHaRGegoYSc4SOlAkwQ/VnZgSn/2AoG72m7OFQ+vA/tWR87Z9L3QKggymBxQR9aqBJ7FA==",
			"requires": {
				"hsluv": "^0.1.0",
				"tslib": "^1.10.0"
			}
		},
		"@shopify/useful-types": {
			"version": "1.3.0",
			"resolved": "https://registry.npmjs.org/@shopify/useful-types/-/useful-types-1.3.0.tgz",
			"integrity": "sha512-BQw5KFuDm7aAH1bPECxnC1bPyaLSmZP0ecs0XwzKtgltBHWGvgu8dpqNXvY+sDfG5tnF+79EjiytRCOsTElyIg==",
			"requires": {
				"@types/react": ">=16.4.0",
				"tslib": "^1.9.3"
			}
		},
		"@swc/helpers": {
			"version": "0.4.11",
			"resolved": "https://registry.npmjs.org/@swc/helpers/-/helpers-0.4.11.tgz",
			"integrity": "sha512-rEUrBSGIoSFuYxwBYtlUFMlE2CwGhmW+w9355/5oduSw8e5h2+Tj4UrAGNNgP9915++wj5vkQo0UuOBqOAq4nw==",
			"requires": {
				"tslib": "^2.4.0"
			},
			"dependencies": {
				"tslib": {
					"version": "2.4.1",
					"resolved": "https://registry.npmjs.org/tslib/-/tslib-2.4.1.tgz",
					"integrity": "sha512-tGyy4dAjRIEwI7BzsB0lynWgOpfqjUdq91XXAlIWD2OwKBH7oCl/GZG/HT4BOHrTlPMOASlMQ7veyTqpmRcrNA=="
				}
			}
		},
		"@types/hoist-non-react-statics": {
			"version": "3.3.1",
			"resolved": "https://registry.npmjs.org/@types/hoist-non-react-statics/-/hoist-non-react-statics-3.3.1.tgz",
			"integrity": "sha512-iMIqiko6ooLrTh1joXodJK5X9xeEALT1kM5G3ZLhD3hszxBdIEd5C75U834D9mLcINgD4OyZf5uQXjkuYydWvA==",
			"requires": {
				"@types/react": "*",
				"hoist-non-react-statics": "^3.3.0"
			}
		},
		"@types/lodash": {
			"version": "4.14.155",
			"resolved": "https://registry.npmjs.org/@types/lodash/-/lodash-4.14.155.tgz",
			"integrity": "sha512-vEcX7S7aPhsBCivxMwAANQburHBtfN9RdyXFk84IJmu2Z4Hkg1tOFgaslRiEqqvoLtbCBi6ika1EMspE+NZ9Lg=="
		},
		"@types/node": {
			"version": "14.0.10",
			"resolved": "https://registry.npmjs.org/@types/node/-/node-14.0.10.tgz",
			"integrity": "sha512-Bz23oN/5bi0rniKT24ExLf4cK0JdvN3dH/3k0whYkdN4eI4vS2ZW/2ENNn2uxHCzWcbdHIa/GRuWQytfzCjRYw==",
			"dev": true
		},
		"@types/prop-types": {
			"version": "15.7.3",
			"resolved": "https://registry.npmjs.org/@types/prop-types/-/prop-types-15.7.3.tgz",
			"integrity": "sha512-KfRL3PuHmqQLOG+2tGpRO26Ctg+Cq1E01D2DMriKEATHgWLfeNDmq9e29Q9WIky0dQ3NPkd1mzYH8Lm936Z9qw=="
		},
		"@types/react": {
			"version": "16.9.35",
			"resolved": "https://registry.npmjs.org/@types/react/-/react-16.9.35.tgz",
			"integrity": "sha512-q0n0SsWcGc8nDqH2GJfWQWUOmZSJhXV64CjVN5SvcNti3TdEaA3AH0D8DwNmMdzjMAC/78tB8nAZIlV8yTz+zQ==",
			"requires": {
				"@types/prop-types": "*",
				"csstype": "^2.2.0"
			}
		},
		"@types/react-color": {
			"version": "3.0.2",
			"resolved": "https://registry.npmjs.org/@types/react-color/-/react-color-3.0.2.tgz",
			"integrity": "sha512-FhrRy0xEYEpysl1iKL11ynJc79H6ztyYc4xD1pliZyygEChleTlHGohb/bClTYPN8XeSw6yaz45l3YW5SGYftQ==",
			"dev": true,
			"requires": {
				"@types/react": "*"
			}
		},
		"@types/react-dom": {
			"version": "16.9.8",
			"resolved": "https://registry.npmjs.org/@types/react-dom/-/react-dom-16.9.8.tgz",
			"integrity": "sha512-ykkPQ+5nFknnlU6lDd947WbQ6TE3NNzbQAkInC2EKY1qeYdTKp7onFusmYZb+ityzx2YviqT6BXSu+LyWWJwcA==",
			"requires": {
				"@types/react": "*"
			}
		},
		"@types/react-redux": {
			"version": "7.1.9",
			"resolved": "https://registry.npmjs.org/@types/react-redux/-/react-redux-7.1.9.tgz",
			"integrity": "sha512-mpC0jqxhP4mhmOl3P4ipRsgTgbNofMRXJb08Ms6gekViLj61v1hOZEKWDCyWsdONr6EjEA6ZHXC446wdywDe0w==",
			"requires": {
				"@types/hoist-non-react-statics": "^3.3.0",
				"@types/react": "*",
				"hoist-non-react-statics": "^3.3.0",
				"redux": "^4.0.0"
			}
		},
		"@types/react-resizable": {
			"version": "1.7.2",
			"resolved": "https://registry.npmjs.org/@types/react-resizable/-/react-resizable-1.7.2.tgz",
			"integrity": "sha512-6c6L94+VOksr9838LDrlYeucic2+0qkGnwolGE77YJztYHCWSucQV0e9+Qyl+uHpJTBRS95A5JESBg5NgCAC3A==",
			"requires": {
				"@types/react": "*"
			}
		},
		"@types/react-transition-group": {
			"version": "2.9.2",
			"resolved": "https://registry.npmjs.org/@types/react-transition-group/-/react-transition-group-2.9.2.tgz",
			"integrity": "sha512-5Fv2DQNO+GpdPZcxp2x/OQG/H19A01WlmpjVD9cKvVFmoVLOZ9LvBgSWG6pSXIU4og5fgbvGPaCV5+VGkWAEHA==",
			"requires": {
				"@types/react": "*"
			}
		},
		"@types/sortablejs": {
			"version": "1.10.4",
			"resolved": "https://registry.npmjs.org/@types/sortablejs/-/sortablejs-1.10.4.tgz",
			"integrity": "sha512-iXdJUEM09Hc0RacStDvkEi5BBdHuuwdys0L5/GtsRiEht69Df4hapA3FwFIeXn2STicqJjBAkowyD1OA3jGgwA=="
		},
		"caniuse-lite": {
			"version": "1.0.30001431",
			"resolved": "https://registry.npmjs.org/caniuse-lite/-/caniuse-lite-1.0.30001431.tgz",
			"integrity": "sha512-zBUoFU0ZcxpvSt9IU66dXVT/3ctO1cy4y9cscs1szkPlcWb6pasYM144GqrUygUbT+k7cmUCW61cvskjcv0enQ=="
		},
		"classnames": {
			"version": "2.2.6",
			"resolved": "https://registry.npmjs.org/classnames/-/classnames-2.2.6.tgz",
			"integrity": "sha512-JR/iSQOSt+LQIWwrwEzJ9uk0xfN3mTVYMwt1Ir5mUcSN6pU+V4zQFFaJsclJbPuAUQH+yfWef6tm7l1quW3C8Q=="
		},
		"client-only": {
			"version": "0.0.1",
			"resolved": "https://registry.npmjs.org/client-only/-/client-only-0.0.1.tgz",
			"integrity": "sha512-IV3Ou0jSMzZrd3pZ48nLkT9DA7Ag1pnPzaiQhpW7c3RbcqqzvzzVu+L8gfqMp/8IM2MQtSiqaCxrrcfu8I8rMA=="
		},
		"csstype": {
			"version": "2.6.10",
			"resolved": "https://registry.npmjs.org/csstype/-/csstype-2.6.10.tgz",
			"integrity": "sha512-D34BqZU4cIlMCY93rZHbrq9pjTAQJ3U8S8rfBqjwHxkGPThWFjzZDQpgMJY0QViLxth6ZKYiwFBo14RdN44U/w=="
		},
		"dom-helpers": {
			"version": "5.1.4",
			"resolved": "https://registry.npmjs.org/dom-helpers/-/dom-helpers-5.1.4.tgz",
			"integrity": "sha512-TjMyeVUvNEnOnhzs6uAn9Ya47GmMo3qq7m+Lr/3ON0Rs5kHvb8I+SQYjLUSYn7qhEm0QjW0yrBkvz9yOrwwz1A==",
			"requires": {
				"@babel/runtime": "^7.8.7",
				"csstype": "^2.6.7"
			}
		},
		"hoist-non-react-statics": {
			"version": "3.3.2",
			"resolved": "https://registry.npmjs.org/hoist-non-react-statics/-/hoist-non-react-statics-3.3.2.tgz",
			"integrity": "sha512-/gGivxi8JPKWNm/W0jSmzcMPpfpPLc3dY/6GxhX2hQ9iGj3aDfklV4ET7NjKpSinLpJ5vafa9iiGIEZg10SfBw==",
			"requires": {
				"react-is": "^16.7.0"
			}
		},
		"hsluv": {
			"version": "0.1.0",
			"resolved": "https://registry.npmjs.org/hsluv/-/hsluv-0.1.0.tgz",
			"integrity": "sha512-ERcanKLAszD2XN3Vh5r5Szkrv9q0oSTudmP0rkiKAGM/3NMc9FLmMZBB7TSqTaXJfSDBOreYTfjezCOYbRKqlw=="
		},
		"js-tokens": {
			"version": "4.0.0",
			"resolved": "https://registry.npmjs.org/js-tokens/-/js-tokens-4.0.0.tgz",
			"integrity": "sha512-RdJUflcE3cUzKiMqQgsCu06FPu9UdIJO0beYbPhHN4k6apgJtifcoCtT9bcxOpYBtpD2kCM6Sbzg4CausW/PKQ=="
		},
		"lodash": {
			"version": "4.17.15",
			"resolved": "https://registry.npmjs.org/lodash/-/lodash-4.17.15.tgz",
			"integrity": "sha512-8xOcRHvCjnocdS5cpwXQXVzmmh5e5+saE2QGoeQmbKmRS6J3VQppPOIt0MnmE+4xlZoumy0GPG0D0MVIQbNA1A=="
		},
		"lodash-decorators": {
			"version": "4.5.0",
			"resolved": "https://registry.npmjs.org/lodash-decorators/-/lodash-decorators-4.5.0.tgz",
			"integrity": "sha512-isfVBBSzzXu7Z6abY/Bit5hCbM+gPhQx/DluTPAmzUPF3KRtvLLRNBgVFUxw6B8vwTMGyQFRVqbvQBli9hsXZA==",
			"requires": {
				"tslib": "^1.7.1"
			}
		},
		"loose-envify": {
			"version": "1.4.0",
			"resolved": "https://registry.npmjs.org/loose-envify/-/loose-envify-1.4.0.tgz",
			"integrity": "sha512-lyuxPGr/Wfhrlem2CL/UcnUc1zcqKAImBDzukY7Y5F/yQiNdko6+fRLevlw1HgMySw7f611UIY408EtxRSoK3Q==",
			"requires": {
				"js-tokens": "^3.0.0 || ^4.0.0"
			}
		},
		"material-colors": {
			"version": "1.2.6",
			"resolved": "https://registry.npmjs.org/material-colors/-/material-colors-1.2.6.tgz",
			"integrity": "sha512-6qE4B9deFBIa9YSpOc9O0Sgc43zTeVYbgDT5veRKSlB2+ZuHNoVVxA1L/ckMUayV9Ay9y7Z/SZCLcGteW9i7bg=="
		},
		"nanoid": {
			"version": "3.3.4",
			"resolved": "https://registry.npmjs.org/nanoid/-/nanoid-3.3.4.tgz",
			"integrity": "sha512-MqBkQh/OHTS2egovRtLk45wEyNXwF+cokD+1YPf9u5VfJiRdAiRwB2froX5Co9Rh20xs4siNPm8naNotSD6RBw=="
		},
		"next": {
			"version": "13.0.2",
			"resolved": "https://registry.npmjs.org/next/-/next-13.0.2.tgz",
			"integrity": "sha512-uQ5z5e4D9mOe8+upy6bQdYYjo/kk1v3jMW87kTy2TgAyAsEO+CkwRnMgyZ4JoHEnhPZLHwh7dk0XymRNLe1gFw==",
			"requires": {
				"@next/env": "13.0.2",
				"@next/swc-android-arm-eabi": "13.0.2",
				"@next/swc-android-arm64": "13.0.2",
				"@next/swc-darwin-arm64": "13.0.2",
				"@next/swc-darwin-x64": "13.0.2",
				"@next/swc-freebsd-x64": "13.0.2",
				"@next/swc-linux-arm-gnueabihf": "13.0.2",
				"@next/swc-linux-arm64-gnu": "13.0.2",
				"@next/swc-linux-arm64-musl": "13.0.2",
				"@next/swc-linux-x64-gnu": "13.0.2",
				"@next/swc-linux-x64-musl": "13.0.2",
				"@next/swc-win32-arm64-msvc": "13.0.2",
				"@next/swc-win32-ia32-msvc": "13.0.2",
				"@next/swc-win32-x64-msvc": "13.0.2",
				"@swc/helpers": "0.4.11",
				"caniuse-lite": "^1.0.30001406",
				"postcss": "8.4.14",
				"styled-jsx": "5.1.0",
				"use-sync-external-store": "1.2.0"
			}
		},
		"next-redux-wrapper": {
			"version": "6.0.1",
			"resolved": "https://registry.npmjs.org/next-redux-wrapper/-/next-redux-wrapper-6.0.1.tgz",
			"integrity": "sha512-0no/pGBsCPHMWrzZJDxYuUbRlP6I0lEKP5sQbKj23AEMV/8RJ7K2WOzNyRL00UA6UbhzLs6vXPhag1jPvUsF6A=="
		},
		"object-assign": {
			"version": "4.1.1",
			"resolved": "https://registry.npmjs.org/object-assign/-/object-assign-4.1.1.tgz",
			"integrity": "sha1-IQmtx5ZYh8/AXLvUQsrIv7s2CGM="
		},
		"picocolors": {
			"version": "1.0.0",
			"resolved": "https://registry.npmjs.org/picocolors/-/picocolors-1.0.0.tgz",
			"integrity": "sha512-1fygroTLlHu66zi26VoTDv8yRgm0Fccecssto+MhsZ0D/DGW2sm8E8AjW7NU5VVTRt5GxbeZ5qBuJr+HyLYkjQ=="
		},
		"postcss": {
			"version": "8.4.14",
			"resolved": "https://registry.npmjs.org/postcss/-/postcss-8.4.14.tgz",
			"integrity": "sha512-E398TUmfAYFPBSdzgeieK2Y1+1cpdxJx8yXbK/m57nRhKSmk1GB2tO4lbLBtlkfPQTDKfe4Xqv1ASWPpayPEig==",
			"requires": {
				"nanoid": "^3.3.4",
				"picocolors": "^1.0.0",
				"source-map-js": "^1.0.2"
			}
		},
		"prop-types": {
			"version": "15.7.2",
			"resolved": "https://registry.npmjs.org/prop-types/-/prop-types-15.7.2.tgz",
			"integrity": "sha512-8QQikdH7//R2vurIJSutZ1smHYTcLpRWEOlHnzcWHmBYrOGUysKwSsrC89BCiFj3CbrfJ/nXFdJepOVrY1GCHQ==",
			"requires": {
				"loose-envify": "^1.4.0",
				"object-assign": "^4.1.1",
				"react-is": "^16.8.1"
			}
		},
		"react": {
			"version": "16.13.1",
			"resolved": "https://registry.npmjs.org/react/-/react-16.13.1.tgz",
			"integrity": "sha512-YMZQQq32xHLX0bz5Mnibv1/LHb3Sqzngu7xstSM+vrkE5Kzr9xE0yMByK5kMoTK30YVJE61WfbxIFFvfeDKT1w==",
			"requires": {
				"loose-envify": "^1.1.0",
				"object-assign": "^4.1.1",
				"prop-types": "^15.6.2"
			}
		},
		"react-color": {
			"version": "2.18.1",
			"resolved": "https://registry.npmjs.org/react-color/-/react-color-2.18.1.tgz",
			"integrity": "sha512-X5XpyJS6ncplZs74ak0JJoqPi+33Nzpv5RYWWxn17bslih+X7OlgmfpmGC1fNvdkK7/SGWYf1JJdn7D2n5gSuQ==",
			"requires": {
				"@icons/material": "^0.2.4",
				"lodash": "^4.17.11",
				"material-colors": "^1.2.1",
				"prop-types": "^15.5.10",
				"reactcss": "^1.2.0",
				"tinycolor2": "^1.4.1"
			}
		},
		"react-dom": {
			"version": "16.13.1",
			"resolved": "https://registry.npmjs.org/react-dom/-/react-dom-16.13.1.tgz",
			"integrity": "sha512-81PIMmVLnCNLO/fFOQxdQkvEq/+Hfpv24XNJfpyZhTRfO0QcmQIF/PgCa1zCOj2w1hrn12MFLyaJ/G0+Mxtfag==",
			"requires": {
				"loose-envify": "^1.1.0",
				"object-assign": "^4.1.1",
				"prop-types": "^15.6.2",
				"scheduler": "^0.19.1"
			}
		},
		"react-draggable": {
			"version": "4.4.2",
			"resolved": "https://registry.npmjs.org/react-draggable/-/react-draggable-4.4.2.tgz",
			"integrity": "sha512-zLQs4R4bnBCGnCVTZiD8hPsHtkiJxgMpGDlRESM+EHQo8ysXhKJ2GKdJ8UxxLJdRVceX1j19jy+hQS2wHislPQ==",
			"requires": {
				"classnames": "^2.2.5",
				"prop-types": "^15.6.0"
			}
		},
		"react-is": {
			"version": "16.13.1",
			"resolved": "https://registry.npmjs.org/react-is/-/react-is-16.13.1.tgz",
			"integrity": "sha512-24e6ynE2H+OKt4kqsOvNd8kBpV65zoxbA4BVsEOB3ARVWQki/DHzaUoC5KuON/BiccDaCCTZBuOcfZs70kR8bQ=="
		},
		"react-redux": {
			"version": "7.2.0",
			"resolved": "https://registry.npmjs.org/react-redux/-/react-redux-7.2.0.tgz",
			"integrity": "sha512-EvCAZYGfOLqwV7gh849xy9/pt55rJXPwmYvI4lilPM5rUT/1NxuuN59ipdBksRVSvz0KInbPnp4IfoXJXCqiDA==",
			"requires": {
				"@babel/runtime": "^7.5.5",
				"hoist-non-react-statics": "^3.3.0",
				"loose-envify": "^1.4.0",
				"prop-types": "^15.7.2",
				"react-is": "^16.9.0"
			}
		},
		"react-resizable": {
			"version": "1.10.1",
			"resolved": "https://registry.npmjs.org/react-resizable/-/react-resizable-1.10.1.tgz",
			"integrity": "sha512-Jd/bKOKx6+19NwC4/aMLRu/J9/krfxlDnElP41Oc+oLiUWs/zwV1S9yBfBZRnqAwQb6vQ/HRSk3bsSWGSgVbpw==",
			"requires": {
				"prop-types": "15.x",
				"react-draggable": "^4.0.3"
			}
		},
		"react-sortablejs": {
			"version": "2.0.11",
			"resolved": "https://registry.npmjs.org/react-sortablejs/-/react-sortablejs-2.0.11.tgz",
			"integrity": "sha512-Id44yygU6H/fNRp0uWkGZnKGuBF8GF/Ts6gKX5NfwmzceRjH0e0XHsmBuQ6WXhBIVnMM+XgkEPub851mdti0TA==",
			"requires": {
				"@types/sortablejs": "^1.10.0",
				"classnames": "^2.2.6",
				"sortablejs": "1.10.1",
				"tiny-invariant": "^1.0.6"
			}
		},
		"reactcss": {
			"version": "1.2.3",
			"resolved": "https://registry.npmjs.org/reactcss/-/reactcss-1.2.3.tgz",
			"integrity": "sha512-KiwVUcFu1RErkI97ywr8nvx8dNOpT03rbnma0SSalTYjkrPYaEajR4a/MRt6DZ46K6arDRbWMNHF+xH7G7n/8A==",
			"requires": {
				"lodash": "^4.0.1"
			}
		},
		"redux": {
			"version": "4.0.5",
			"resolved": "https://registry.npmjs.org/redux/-/redux-4.0.5.tgz",
			"integrity": "sha512-VSz1uMAH24DM6MF72vcojpYPtrTUu3ByVWfPL1nPfVRb5mZVTve5GnNCUV53QM/BZ66xfWrm0CTWoM+Xlz8V1w==",
			"requires": {
				"loose-envify": "^1.4.0",
				"symbol-observable": "^1.2.0"
			}
		},
		"regenerator-runtime": {
			"version": "0.13.5",
			"resolved": "https://registry.npmjs.org/regenerator-runtime/-/regenerator-runtime-0.13.5.tgz",
			"integrity": "sha512-ZS5w8CpKFinUzOwW3c83oPeVXoNsrLsaCoLtJvAClH135j/R77RuymhiSErhm2lKcwSCIpmvIWSbDkIfAqKQlA=="
		},
		"scheduler": {
			"version": "0.19.1",
			"resolved": "https://registry.npmjs.org/scheduler/-/scheduler-0.19.1.tgz",
			"integrity": "sha512-n/zwRWRYSUj0/3g/otKDRPMh6qv2SYMWNq85IEa8iZyAv8od9zDYpGSnpBEjNgcMNq6Scbu5KfIPxNF72R/2EA==",
			"requires": {
				"loose-envify": "^1.1.0",
				"object-assign": "^4.1.1"
			}
		},
		"sortablejs": {
			"version": "1.10.1",
			"resolved": "https://registry.npmjs.org/sortablejs/-/sortablejs-1.10.1.tgz",
			"integrity": "sha512-N6r7GrVmO8RW1rn0cTdvK3JR0BcqecAJ0PmYMCL3ZuqTH3pY+9QyqkmJSkkLyyDvd+AJnwaxTP22Ybr/83V9hQ=="
		},
		"source-map-js": {
			"version": "1.0.2",
			"resolved": "https://registry.npmjs.org/source-map-js/-/source-map-js-1.0.2.tgz",
			"integrity": "sha512-R0XvVJ9WusLiqTCEiGCmICCMplcCkIwwR11mOSD9CR5u+IXYdiseeEuXCVAjS54zqwkLcPNnmU4OeJ6tUrWhDw=="
		},
		"styled-jsx": {
			"version": "5.1.0",
			"resolved": "https://registry.npmjs.org/styled-jsx/-/styled-jsx-5.1.0.tgz",
			"integrity": "sha512-/iHaRJt9U7T+5tp6TRelLnqBqiaIT0HsO0+vgyj8hK2KUk7aejFqRrumqPUlAqDwAj8IbS/1hk3IhBAAK/FCUQ==",
			"requires": {
				"client-only": "0.0.1"
			}
		},
		"symbol-observable": {
			"version": "1.2.0",
			"resolved": "https://registry.npmjs.org/symbol-observable/-/symbol-observable-1.2.0.tgz",
			"integrity": "sha512-e900nM8RRtGhlV36KGEU9k65K3mPb1WV70OdjfxlG2EAuM1noi/E/BaW/uMhL7bPEssK8QV57vN3esixjUvcXQ=="
		},
		"tiny-invariant": {
			"version": "1.1.0",
			"resolved": "https://registry.npmjs.org/tiny-invariant/-/tiny-invariant-1.1.0.tgz",
			"integrity": "sha512-ytxQvrb1cPc9WBEI/HSeYYoGD0kWnGEOR8RY6KomWLBVhqz0RgTwVO9dLrGz7dC+nN9llyI7OKAgRq8Vq4ZBSw=="
		},
		"tinycolor2": {
			"version": "1.4.1",
			"resolved": "https://registry.npmjs.org/tinycolor2/-/tinycolor2-1.4.1.tgz",
			"integrity": "sha1-9PrTM0R7wLB9TcjpIJ2POaisd+g="
		},
		"tslib": {
			"version": "1.13.0",
			"resolved": "https://registry.npmjs.org/tslib/-/tslib-1.13.0.tgz",
			"integrity": "sha512-i/6DQjL8Xf3be4K/E6Wgpekn5Qasl1usyw++dAA35Ue5orEn65VIxOA+YvNNl9HV3qv70T7CNwjODHZrLwvd1Q=="
		},
		"typescript": {
			"version": "3.9.3",
			"resolved": "https://registry.npmjs.org/typescript/-/typescript-3.9.3.tgz",
			"integrity": "sha512-D/wqnB2xzNFIcoBG9FG8cXRDjiqSTbG2wd8DMZeQyJlP1vfTkIxH4GKveWaEBYySKIg+USu+E+EDIR47SqnaMQ==",
			"dev": true
		},
		"use-sync-external-store": {
			"version": "1.2.0",
			"resolved": "https://registry.npmjs.org/use-sync-external-store/-/use-sync-external-store-1.2.0.tgz",
			"integrity": "sha512-eEgnFxGQ1Ife9bzYs6VLi8/4X6CObHMw9Qr9tPY43iKwsPw8xE8+EFsf/2cFZ5S3esXgpWgtSCtLNS41F+sKPA=="
		}
	}
}
